
Microsoft Visual Studio Solution File, Format Version 12.00
# Visual Studio Version 17
VisualStudioVersion = 17.14.36908.2 d17.14
MinimumVisualStudioVersion = 10.0.40219.1
Project("{FAE04EC0-301F-11D3-BF4B-00C04F79EFBC}") = "ConsoleApp1", "ConsoleApp1\ConsoleApp1.csproj", "{72725DE0-2D6B-4DE8-94A9-A93D6729BF6E}"
EndProject
Global
	GlobalSection(SolutionConfigurationPlatforms) = preSolution
		Debug|Any CPU = Debug|Any CPU
		Release|Any CPU = Release|Any CPU
	EndGlobalSection
	GlobalSection(ProjectConfigurationPlatforms) = postSolution
		{72725DE0-2D6B-4DE8-94A9-A93D6729BF6E}.Debug|Any CPU.ActiveCfg = Debug|Any CPU
		{72725DE0-2D6B-4DE8-94A9-A93D6729BF6E}.Debug|Any CPU.Build.0 = Debug|Any CPU
		{72725DE0-2D6B-4DE8-94A9-A93D6729BF6E}.Release|Any CPU.ActiveCfg = Release|Any CPU
		{72725DE0-2D6B-4DE8-94A9-A93D6729BF6E}.Release|Any CPU.Build.0 = Release|Any CPU
	EndGlobalSection
	GlobalSection(SolutionProperties) = preSolution
		HideSolutionNode = FALSE
	EndGlobalSection
	GlobalSection(ExtensibilityGlobals) = postSolution
		SolutionGuid = {6E64A36A-43F5-4DCE-9A39-C06CFBC0C1CA}
	EndGlobalSection
EndGlobal
