
Microsoft Visual Studio Solution File, Format Version 12.00
# Visual Studio Version 17
VisualStudioVersion = 17.11.35222.181
MinimumVisualStudioVersion = 10.0.40219.1
Project("{FAE04EC0-301F-11D3-BF4B-00C04F79EFBC}") = "Abstrakce01", "Abstrakce01\Abstrakce01.csproj", "{2220AA69-C00E-41BD-9640-D7882530655F}"
EndProject
Global
	GlobalSection(SolutionConfigurationPlatforms) = preSolution
		Debug|Any CPU = Debug|Any CPU
		Release|Any CPU = Release|Any CPU
	EndGlobalSection
	GlobalSection(ProjectConfigurationPlatforms) = postSolution
		{2220AA69-C00E-41BD-9640-D7882530655F}.Debug|Any CPU.ActiveCfg = Debug|Any CPU
		{2220AA69-C00E-41BD-9640-D7882530655F}.Debug|Any CPU.Build.0 = Debug|Any CPU
		{2220AA69-C00E-41BD-9640-D7882530655F}.Release|Any CPU.ActiveCfg = Release|Any CPU
		{2220AA69-C00E-41BD-9640-D7882530655F}.Release|Any CPU.Build.0 = Release|Any CPU
	EndGlobalSection
	GlobalSection(SolutionProperties) = preSolution
		HideSolutionNode = FALSE
	EndGlobalSection
	GlobalSection(ExtensibilityGlobals) = postSolution
		SolutionGuid = {806BCFB2-FD17-4633-8BD8-F8BD44173D09}
	EndGlobalSection
EndGlobal
